PODS:
  - Flutter (1.0.0)
  - flutter_bluetooth_serial (0.0.1):
    - Flutter
  - fluttertoast (0.0.2):
    - Flutter
  - geolocator (5.1.5):
    - Flutter
  - google_api_availability (2.0.1):
    - Flutter
  - google_maps_flutter (0.0.1):
    - Flutter
    - GoogleMaps
  - GoogleMaps (3.1.0):
    - GoogleMaps/Maps (= 3.1.0)
  - GoogleMaps/Base (3.1.0)
  - GoogleMaps/Maps (3.1.0):
    - GoogleMaps/Base
  - location_permissions (2.0.3):
    - Flutter
  - path_provider (0.0.1):
    - Flutter
  - shared_preferences (0.0.1):
    - Flutter

DEPENDENCIES:
  - Flutter (from `.symlinks/flutter/ios`)
  - flutter_bluetooth_serial (from `.symlinks/plugins/flutter_bluetooth_serial/ios`)
  - fluttertoast (from `.symlinks/plugins/fluttertoast/ios`)
  - geolocator (from `.symlinks/plugins/geolocator/ios`)
  - google_api_availability (from `.symlinks/plugins/google_api_availability/ios`)
  - google_maps_flutter (from `.symlinks/plugins/google_maps_flutter/ios`)
  - location_permissions (from `.symlinks/plugins/location_permissions/ios`)
  - path_provider (from `.symlinks/plugins/path_provider/ios`)
  - shared_preferences (from `.symlinks/plugins/shared_preferences/ios`)

SPEC REPOS:
  https://github.com/CocoaPods/Specs.git:
    - GoogleMaps

EXTERNAL SOURCES:
  Flutter:
    :path: ".symlinks/flutter/ios"
  flutter_bluetooth_serial:
    :path: ".symlinks/plugins/flutter_bluetooth_serial/ios"
  fluttertoast:
    :path: ".symlinks/plugins/fluttertoast/ios"
  geolocator:
    :path: ".symlinks/plugins/geolocator/ios"
  google_api_availability:
    :path: ".symlinks/plugins/google_api_availability/ios"
  google_maps_flutter:
    :path: ".symlinks/plugins/google_maps_flutter/ios"
  location_permissions:
    :path: ".symlinks/plugins/location_permissions/ios"
  path_provider:
    :path: ".symlinks/plugins/path_provider/ios"
  shared_preferences:
    :path: ".symlinks/plugins/shared_preferences/ios"

SPEC CHECKSUMS:
  Flutter: 0e3d915762c693b495b44d77113d4970485de6ec
  flutter_bluetooth_serial: a42f785e4f7d2a6390d415cc39da5474ec2fef4f
  fluttertoast: b644586ef3b16f67fae9a1f8754cef6b2d6b634b
  geolocator: 80aba2bb48f8c7dfc5a8b70b9d13fc3edc8399c4
  google_api_availability: 163b30f802e6148c67f092aa4501c90ddd8eec8d
  google_maps_flutter: d0dd62f5a7d39bae61057eb9f52dd778d99c7c6c
  GoogleMaps: 5c13302e6fe6bb6e686b267196586b91cd594225
  location_permissions: 195ff2a1182fa9029ef3f2653156961ee5a1e40b
  path_provider: fb74bd0465e96b594bb3b5088ee4a4e7bb1f2a9d
  shared_preferences: 430726339841afefe5142b9c1f50cb6bd7793e01

PODFILE CHECKSUM: 3389836f37640698630b8f0670315d626d5f1469

COCOAPODS: 1.8.3
